
Microsoft Visual Studio Solution File, Format Version 12.00
# Visual Studio 15
VisualStudioVersion = 15.0.26730.16
MinimumVisualStudioVersion = 10.0.40219.1
Project("{8BC9CEB8-8B4A-11D0-8D11-00A0C91BC942}") = "Parameters", "Parameters.vcxproj", "{D789D978-0C9B-4828-A0DD-5A748EC2A175}"
EndProject
Global
	GlobalSection(SolutionConfigurationPlatforms) = preSolution
		Debug|x86 = Debug|x86
		Release|x86 = Release|x86
	EndGlobalSection
	GlobalSection(ProjectConfigurationPlatforms) = postSolution
		{D789D978-0C9B-4828-A0DD-5A748EC2A175}.Debug|x86.ActiveCfg = Debug|Win32
		{D789D978-0C9B-4828-A0DD-5A748EC2A175}.Debug|x86.Build.0 = Debug|Win32
		{D789D978-0C9B-4828-A0DD-5A748EC2A175}.Release|x86.ActiveCfg = Release|Win32
		{D789D978-0C9B-4828-A0DD-5A748EC2A175}.Release|x86.Build.0 = Release|Win32
	EndGlobalSection
	GlobalSection(SolutionProperties) = preSolution
		HideSolutionNode = FALSE
	EndGlobalSection
	GlobalSection(ExtensibilityGlobals) = postSolution
		SolutionGuid = {952B3F84-AA2B-468F-B6F8-F63F8A209C46}
	EndGlobalSection
EndGlobal
